
Microsoft Visual Studio Solution File, Format Version 12.00
# 
Project("{FAE04EC0-301F-11D3-BF4B-00C04F79EFBC}") = "DookuDM.Web", "src\DookuDM.Web\DookuDM.Web.csproj", "{31D48196-C0C4-4A2A-B085-1323EFE1205A}"
EndProject
Project("{2150E333-8FDC-42A3-9474-1A3956D46DE8}") = "src", "src", "{4F22D80A-DC25-4C65-8C2C-2ACFB8445F8B}"
	ProjectSection(SolutionItems) = preProject
		.gitattributes = .gitattributes
	EndProjectSection
EndProject
Project("{FAE04EC0-301F-11D3-BF4B-00C04F79EFBC}") = "DookuDM.Application", "src\DookuDM.Application\DookuDM.Application.csproj", "{79292039-EA8B-4DAC-A032-E9709005B889}"
EndProject
Project("{FAE04EC0-301F-11D3-BF4B-00C04F79EFBC}") = "DookuDM.Infrastructure", "src\DookuDM.Infrastructure\DookuDM.Infrastructure.csproj", "{28C4FF79-3B7B-4AA7-9D83-0F699BADEB91}"
EndProject
Project("{2150E333-8FDC-42A3-9474-1A3956D46DE8}") = "tests", "tests", "{6A58FB4D-F049-416D-8ECA-730519D38683}"
EndProject
Project("{FAE04EC0-301F-11D3-BF4B-00C04F79EFBC}") = "DookuDM.Domain.Tests", "DookuDM.Domain.Tests\DookuDM.Domain.Tests.csproj", "{A3EE06FE-556F-4BE5-A396-72AA9A0705A4}"
EndProject
Project("{FAE04EC0-301F-11D3-BF4B-00C04F79EFBC}") = "DookuDM.Application.Tests", "DookuDM.Application.Tests\DookuDM.Application.Tests.csproj", "{B4C4A7B0-86DD-426B-86B3-A711890556B4}"
EndProject
Project("{FAE04EC0-301F-11D3-BF4B-00C04F79EFBC}") = "DookuDM.Infrastructure.Tests", "DookuDM.Infrastructure.Tests\DookuDM.Infrastructure.Tests.csproj", "{63422A32-DC9F-4758-B982-7139345B9040}"
EndProject
Project("{FAE04EC0-301F-11D3-BF4B-00C04F79EFBC}") = "DookuDM.Web.Tests", "DookuDM.Web.Tests\DookuDM.Web.Tests.csproj", "{19F69ECE-0E42-4F33-A9FD-285B51A667A2}"
EndProject
Project("{FAE04EC0-301F-11D3-BF4B-00C04F79EFBC}") = "DookuDM.Domain", "src\DookuDM.Domain\DookuDM.Domain.csproj", "{1542219A-8D29-4905-BFA0-46F119537487}"
EndProject
Global
	GlobalSection(SolutionConfigurationPlatforms) = preSolution
		Debug|Any CPU = Debug|Any CPU
		Release|Any CPU = Release|Any CPU
	EndGlobalSection
	GlobalSection(ProjectConfigurationPlatforms) = postSolution
		{31D48196-C0C4-4A2A-B085-1323EFE1205A}.Debug|Any CPU.ActiveCfg = Debug|Any CPU
		{31D48196-C0C4-4A2A-B085-1323EFE1205A}.Debug|Any CPU.Build.0 = Debug|Any CPU
		{31D48196-C0C4-4A2A-B085-1323EFE1205A}.Release|Any CPU.ActiveCfg = Release|Any CPU
		{31D48196-C0C4-4A2A-B085-1323EFE1205A}.Release|Any CPU.Build.0 = Release|Any CPU
		{79292039-EA8B-4DAC-A032-E9709005B889}.Debug|Any CPU.ActiveCfg = Debug|Any CPU
		{79292039-EA8B-4DAC-A032-E9709005B889}.Debug|Any CPU.Build.0 = Debug|Any CPU
		{79292039-EA8B-4DAC-A032-E9709005B889}.Release|Any CPU.ActiveCfg = Release|Any CPU
		{79292039-EA8B-4DAC-A032-E9709005B889}.Release|Any CPU.Build.0 = Release|Any CPU
		{28C4FF79-3B7B-4AA7-9D83-0F699BADEB91}.Debug|Any CPU.ActiveCfg = Debug|Any CPU
		{28C4FF79-3B7B-4AA7-9D83-0F699BADEB91}.Debug|Any CPU.Build.0 = Debug|Any CPU
		{28C4FF79-3B7B-4AA7-9D83-0F699BADEB91}.Release|Any CPU.ActiveCfg = Release|Any CPU
		{28C4FF79-3B7B-4AA7-9D83-0F699BADEB91}.Release|Any CPU.Build.0 = Release|Any CPU
		{A3EE06FE-556F-4BE5-A396-72AA9A0705A4}.Debug|Any CPU.ActiveCfg = Debug|Any CPU
		{A3EE06FE-556F-4BE5-A396-72AA9A0705A4}.Debug|Any CPU.Build.0 = Debug|Any CPU
		{A3EE06FE-556F-4BE5-A396-72AA9A0705A4}.Release|Any CPU.ActiveCfg = Release|Any CPU
		{A3EE06FE-556F-4BE5-A396-72AA9A0705A4}.Release|Any CPU.Build.0 = Release|Any CPU
		{B4C4A7B0-86DD-426B-86B3-A711890556B4}.Debug|Any CPU.ActiveCfg = Debug|Any CPU
		{B4C4A7B0-86DD-426B-86B3-A711890556B4}.Debug|Any CPU.Build.0 = Debug|Any CPU
		{B4C4A7B0-86DD-426B-86B3-A711890556B4}.Release|Any CPU.ActiveCfg = Release|Any CPU
		{B4C4A7B0-86DD-426B-86B3-A711890556B4}.Release|Any CPU.Build.0 = Release|Any CPU
		{63422A32-DC9F-4758-B982-7139345B9040}.Debug|Any CPU.ActiveCfg = Debug|Any CPU
		{63422A32-DC9F-4758-B982-7139345B9040}.Debug|Any CPU.Build.0 = Debug|Any CPU
		{63422A32-DC9F-4758-B982-7139345B9040}.Release|Any CPU.ActiveCfg = Release|Any CPU
		{63422A32-DC9F-4758-B982-7139345B9040}.Release|Any CPU.Build.0 = Release|Any CPU
		{19F69ECE-0E42-4F33-A9FD-285B51A667A2}.Debug|Any CPU.ActiveCfg = Debug|Any CPU
		{19F69ECE-0E42-4F33-A9FD-285B51A667A2}.Debug|Any CPU.Build.0 = Debug|Any CPU
		{19F69ECE-0E42-4F33-A9FD-285B51A667A2}.Release|Any CPU.ActiveCfg = Release|Any CPU
		{19F69ECE-0E42-4F33-A9FD-285B51A667A2}.Release|Any CPU.Build.0 = Release|Any CPU
		{1542219A-8D29-4905-BFA0-46F119537487}.Debug|Any CPU.ActiveCfg = Debug|Any CPU
		{1542219A-8D29-4905-BFA0-46F119537487}.Debug|Any CPU.Build.0 = Debug|Any CPU
		{1542219A-8D29-4905-BFA0-46F119537487}.Release|Any CPU.ActiveCfg = Release|Any CPU
		{1542219A-8D29-4905-BFA0-46F119537487}.Release|Any CPU.Build.0 = Release|Any CPU
	EndGlobalSection
	GlobalSection(NestedProjects) = preSolution
		{31D48196-C0C4-4A2A-B085-1323EFE1205A} = {4F22D80A-DC25-4C65-8C2C-2ACFB8445F8B}
		{79292039-EA8B-4DAC-A032-E9709005B889} = {4F22D80A-DC25-4C65-8C2C-2ACFB8445F8B}
		{28C4FF79-3B7B-4AA7-9D83-0F699BADEB91} = {4F22D80A-DC25-4C65-8C2C-2ACFB8445F8B}
		{A3EE06FE-556F-4BE5-A396-72AA9A0705A4} = {6A58FB4D-F049-416D-8ECA-730519D38683}
		{B4C4A7B0-86DD-426B-86B3-A711890556B4} = {6A58FB4D-F049-416D-8ECA-730519D38683}
		{63422A32-DC9F-4758-B982-7139345B9040} = {6A58FB4D-F049-416D-8ECA-730519D38683}
		{19F69ECE-0E42-4F33-A9FD-285B51A667A2} = {6A58FB4D-F049-416D-8ECA-730519D38683}
		{1542219A-8D29-4905-BFA0-46F119537487} = {4F22D80A-DC25-4C65-8C2C-2ACFB8445F8B}
	EndGlobalSection
EndGlobal
